
Microsoft Visual Studio Solution File, Format Version 12.00
# Visual Studio Version 17
VisualStudioVersion = 17.8.34330.188
MinimumVisualStudioVersion = 10.0.40219.1
Project("{9A19103F-16F7-4668-BE54-9A1E7A4F7556}") = "ChangeDBmod_NC.21-25", "NC21\ChangeDBmod_NC.21-25.csproj", "{183CA9B3-51FF-4C78-8F82-A400957891BD}"
EndProject
Project("{9A19103F-16F7-4668-BE54-9A1E7A4F7556}") = "ChangeDBmod_NC.26", "NC26\ChangeDBmod_NC.26.csproj", "{DC35626C-9D87-7DAC-3559-BC6C9B559E7D}"
EndProject
Project("{9A19103F-16F7-4668-BE54-9A1E7A4F7556}") = "ChangeDBmod_AC_2018", "AC2018\ChangeDBmod_AC_2018.csproj", "{1BB445F8-B9B6-458D-A992-BCE5BAC9F1F8}"
EndProject
Global
	GlobalSection(SolutionConfigurationPlatforms) = preSolution
		Debug|Any CPU = Debug|Any CPU
		Release|Any CPU = Release|Any CPU
	EndGlobalSection
	GlobalSection(ProjectConfigurationPlatforms) = postSolution
		{183CA9B3-51FF-4C78-8F82-A400957891BD}.Debug|Any CPU.ActiveCfg = Debug|Any CPU
		{183CA9B3-51FF-4C78-8F82-A400957891BD}.Debug|Any CPU.Build.0 = Debug|Any CPU
		{183CA9B3-51FF-4C78-8F82-A400957891BD}.Release|Any CPU.ActiveCfg = Release|Any CPU
		{183CA9B3-51FF-4C78-8F82-A400957891BD}.Release|Any CPU.Build.0 = Release|Any CPU
		{DC35626C-9D87-7DAC-3559-BC6C9B559E7D}.Debug|Any CPU.ActiveCfg = Debug|Any CPU
		{DC35626C-9D87-7DAC-3559-BC6C9B559E7D}.Debug|Any CPU.Build.0 = Debug|Any CPU
		{DC35626C-9D87-7DAC-3559-BC6C9B559E7D}.Release|Any CPU.ActiveCfg = Release|Any CPU
		{DC35626C-9D87-7DAC-3559-BC6C9B559E7D}.Release|Any CPU.Build.0 = Release|Any CPU
		{1BB445F8-B9B6-458D-A992-BCE5BAC9F1F8}.Debug|Any CPU.ActiveCfg = Debug|Any CPU
		{1BB445F8-B9B6-458D-A992-BCE5BAC9F1F8}.Debug|Any CPU.Build.0 = Debug|Any CPU
		{1BB445F8-B9B6-458D-A992-BCE5BAC9F1F8}.Release|Any CPU.ActiveCfg = Release|Any CPU
		{1BB445F8-B9B6-458D-A992-BCE5BAC9F1F8}.Release|Any CPU.Build.0 = Release|Any CPU
	EndGlobalSection
	GlobalSection(SolutionProperties) = preSolution
		HideSolutionNode = FALSE
	EndGlobalSection
	GlobalSection(ExtensibilityGlobals) = postSolution
		SolutionGuid = {A7CCD957-5D3A-466F-BD06-A4735C52E916}
	EndGlobalSection
EndGlobal
