
Microsoft Visual Studio Solution File, Format Version 12.00
# Visual Studio Version 18
VisualStudioVersion = 18.10.12217.157 stable
MinimumVisualStudioVersion = 10.0.40219.1
Project("{9A19103F-16F7-4668-BE54-9A1E7A4F7556}") = "ChangeDBmod.AC2018", "ChangeDBmod.AC2018\ChangeDBmod.AC2018.csproj", "{2D766D79-2676-47F1-B07F-30C76617C3F8}"
EndProject
Project("{9A19103F-16F7-4668-BE54-9A1E7A4F7556}") = "ChangeDBmod.NC.21.0", "ChangeDBmod.NC.21\ChangeDBmod.NC.21.0.csproj", "{B7830ADF-508D-4A43-B4AE-7BF0CDD35430}"
EndProject
Project("{FAE04EC0-301F-11D3-BF4B-00C04F79EFBC}") = "ChangedbMod.Tests", "ChangedbMod.Tests\ChangedbMod.Tests.csproj", "{7E5D0B77-6B0B-4C74-9D1D-5F5B4A1A0E3A}"
EndProject
Global
	GlobalSection(SolutionConfigurationPlatforms) = preSolution
		Debug|Any CPU = Debug|Any CPU
		Release|Any CPU = Release|Any CPU
	EndGlobalSection
	GlobalSection(ProjectConfigurationPlatforms) = postSolution
		{2D766D79-2676-47F1-B07F-30C76617C3F8}.Debug|Any CPU.ActiveCfg = Debug|Any CPU
		{2D766D79-2676-47F1-B07F-30C76617C3F8}.Debug|Any CPU.Build.0 = Debug|Any CPU
		{2D766D79-2676-47F1-B07F-30C76617C3F8}.Release|Any CPU.ActiveCfg = Release|Any CPU
		{2D766D79-2676-47F1-B07F-30C76617C3F8}.Release|Any CPU.Build.0 = Release|Any CPU
		{B7830ADF-508D-4A43-B4AE-7BF0CDD35430}.Debug|Any CPU.ActiveCfg = Debug|Any CPU
		{B7830ADF-508D-4A43-B4AE-7BF0CDD35430}.Debug|Any CPU.Build.0 = Debug|Any CPU
		{B7830ADF-508D-4A43-B4AE-7BF0CDD35430}.Release|Any CPU.ActiveCfg = Release|Any CPU
		{B7830ADF-508D-4A43-B4AE-7BF0CDD35430}.Release|Any CPU.Build.0 = Release|Any CPU
		{7E5D0B77-6B0B-4C74-9D1D-5F5B4A1A0E3A}.Debug|Any CPU.ActiveCfg = Debug|Any CPU
		{7E5D0B77-6B0B-4C74-9D1D-5F5B4A1A0E3A}.Debug|Any CPU.Build.0 = Debug|Any CPU
		{7E5D0B77-6B0B-4C74-9D1D-5F5B4A1A0E3A}.Release|Any CPU.ActiveCfg = Release|Any CPU
		{7E5D0B77-6B0B-4C74-9D1D-5F5B4A1A0E3A}.Release|Any CPU.Build.0 = Release|Any CPU
	EndGlobalSection
	GlobalSection(SolutionProperties) = preSolution
		HideSolutionNode = FALSE
	EndGlobalSection
	GlobalSection(ExtensibilityGlobals) = postSolution
		SolutionGuid = {A7CCD957-5D3A-466F-BD06-A4735C52E916}
	EndGlobalSection
EndGlobal
